
Microsoft Visual Studio Solution File, Format Version 12.00
# Visual Studio Version 17
VisualStudioVersion = 17.2.32602.215
MinimumVisualStudioVersion = 10.0.40219.1
Project("{FAE04EC0-301F-11D3-BF4B-00C04F79EFBC}") = "TestDeviceFlowApp", "TestDeviceFlowApp.csproj", "{42E0EF41-B5E6-453D-B7AB-0D3919880851}"
EndProject
Global
	GlobalSection(SolutionConfigurationPlatforms) = preSolution
		Debug|Any CPU = Debug|Any CPU
		Release|Any CPU = Release|Any CPU
	EndGlobalSection
	GlobalSection(ProjectConfigurationPlatforms) = postSolution
		{42E0EF41-B5E6-453D-B7AB-0D3919880851}.Debug|Any CPU.ActiveCfg = Debug|Any CPU
		{42E0EF41-B5E6-453D-B7AB-0D3919880851}.Debug|Any CPU.Build.0 = Debug|Any CPU
		{42E0EF41-B5E6-453D-B7AB-0D3919880851}.Release|Any CPU.ActiveCfg = Release|Any CPU
		{42E0EF41-B5E6-453D-B7AB-0D3919880851}.Release|Any CPU.Build.0 = Release|Any CPU
	EndGlobalSection
	GlobalSection(SolutionProperties) = preSolution
		HideSolutionNode = FALSE
	EndGlobalSection
	GlobalSection(ExtensibilityGlobals) = postSolution
		SolutionGuid = {FCB3C93B-3FD0-483F-814E-F7F6BC0C57F7}
	EndGlobalSection
EndGlobal
